// !$*UTF8*$!
{
	archiveVersion = 1;
	classes = {
	};
	objectVersion = 50;
	objects = {

/* Begin PBXBuildFile section */
		126302BA24254EF8001003D5 /* AppDelegate.swift in Sources */ = {isa = PBXBuildFile; fileRef = 126302B924254EF8001003D5 /* AppDelegate.swift */; };
		126302C124254EF9001003D5 /* Assets.xcassets in Resources */ = {isa = PBXBuildFile; fileRef = 126302C024254EF9001003D5 /* Assets.xcassets */; };
		126302C424254EF9001003D5 /* Preview Assets.xcassets in Resources */ = {isa = PBXBuildFile; fileRef = 126302C324254EF9001003D5 /* Preview Assets.xcassets */; };
		126302C724254EF9001003D5 /* Main.storyboard in Resources */ = {isa = PBXBuildFile; fileRef = 126302C524254EF9001003D5 /* Main.storyboard */; };
		126302D024255153001003D5 /* MainViewController.swift in Sources */ = {isa = PBXBuildFile; fileRef = 126302CF24255153001003D5 /* MainViewController.swift */; };
		126302D2242552E1001003D5 /* Notification.swift in Sources */ = {isa = PBXBuildFile; fileRef = 126302D1242552E1001003D5 /* Notification.swift */; };
		126302D42425530A001003D5 /* Sound.swift in Sources */ = {isa = PBXBuildFile; fileRef = 126302D32425530A001003D5 /* Sound.swift */; };
		126302D624255326001003D5 /* DataKeys.swift in Sources */ = {isa = PBXBuildFile; fileRef = 126302D524255325001003D5 /* DataKeys.swift */; };
		126302D824255350001003D5 /* ColoredView.swift in Sources */ = {isa = PBXBuildFile; fileRef = 126302D724255350001003D5 /* ColoredView.swift */; };
		126302DA24255365001003D5 /* Timer.swift in Sources */ = {isa = PBXBuildFile; fileRef = 126302D924255365001003D5 /* Timer.swift */; };
		126302DC2425538C001003D5 /* SettingsViewController.swift in Sources */ = {isa = PBXBuildFile; fileRef = 126302DB2425538C001003D5 /* SettingsViewController.swift */; };
		126302E024255517001003D5 /* ding.mp3 in Resources */ = {isa = PBXBuildFile; fileRef = 126302DF24255517001003D5 /* ding.mp3 */; };
/* End PBXBuildFile section */

/* Begin PBXFileReference section */
		126302B624254EF8001003D5 /* PomodoroApp.app */ = {isa = PBXFileReference; explicitFileType = wrapper.application; includeInIndex = 0; path = PomodoroApp.app; sourceTree = BUILT_PRODUCTS_DIR; };
		126302B924254EF8001003D5 /* AppDelegate.swift */ = {isa = PBXFileReference; lastKnownFileType = sourcecode.swift; path = AppDelegate.swift; sourceTree = "<group>"; };
		126302C024254EF9001003D5 /* Assets.xcassets */ = {isa = PBXFileReference; lastKnownFileType = folder.assetcatalog; path = Assets.xcassets; sourceTree = "<group>"; };
		126302C324254EF9001003D5 /* Preview Assets.xcassets */ = {isa = PBXFileReference; lastKnownFileType = folder.assetcatalog; path = "Preview Assets.xcassets"; sourceTree = "<group>"; };
		126302C624254EF9001003D5 /* Base */ = {isa = PBXFileReference; lastKnownFileType = file.storyboard; name = Base; path = Base.lproj/Main.storyboard; sourceTree = "<group>"; };
		126302C824254EF9001003D5 /* Info.plist */ = {isa = PBXFileReference; lastKnownFileType = text.plist.xml; path = Info.plist; sourceTree = "<group>"; };
		126302CF24255153001003D5 /* MainViewController.swift */ = {isa = PBXFileReference; lastKnownFileType = sourcecode.swift; path = MainViewController.swift; sourceTree = "<group>"; };
		126302D1242552E1001003D5 /* Notification.swift */ = {isa = PBXFileReference; lastKnownFileType = sourcecode.swift; path = Notification.swift; sourceTree = "<group>"; };
		126302D32425530A001003D5 /* Sound.swift */ = {isa = PBXFileReference; lastKnownFileType = sourcecode.swift; path = Sound.swift; sourceTree = "<group>"; };
		126302D524255325001003D5 /* DataKeys.swift */ = {isa = PBXFileReference; lastKnownFileType = sourcecode.swift; path = DataKeys.swift; sourceTree = "<group>"; };
		126302D724255350001003D5 /* ColoredView.swift */ = {isa = PBXFileReference; lastKnownFileType = sourcecode.swift; path = ColoredView.swift; sourceTree = "<group>"; };
		126302D924255365001003D5 /* Timer.swift */ = {isa = PBXFileReference; lastKnownFileType = sourcecode.swift; path = Timer.swift; sourceTree = "<group>"; };
		126302DB2425538C001003D5 /* SettingsViewController.swift */ = {isa = PBXFileReference; lastKnownFileType = sourcecode.swift; path = SettingsViewController.swift; sourceTree = "<group>"; };
		126302DF24255517001003D5 /* ding.mp3 */ = {isa = PBXFileReference; lastKnownFileType = audio.mp3; path = ding.mp3; sourceTree = "<group>"; };
/* End PBXFileReference section */

/* Begin PBXFrameworksBuildPhase section */
		126302B324254EF8001003D5 /* Frameworks */ = {
			isa = PBXFrameworksBuildPhase;
			buildActionMask = 2147483647;
			files = (
			);
			runOnlyForDeploymentPostprocessing = 0;
		};
/* End PBXFrameworksBuildPhase section */

/* Begin PBXGroup section */
		126302AD24254EF8001003D5 = {
			isa = PBXGroup;
			children = (
				126302B824254EF8001003D5 /* PomodoroApp */,
				126302B724254EF8001003D5 /* Products */,
			);
			sourceTree = "<group>";
		};
		126302B724254EF8001003D5 /* Products */ = {
			isa = PBXGroup;
			children = (
				126302B624254EF8001003D5 /* PomodoroApp.app */,
			);
			name = Products;
			sourceTree = "<group>";
		};
		126302B824254EF8001003D5 /* PomodoroApp */ = {
			isa = PBXGroup;
			children = (
				126302B924254EF8001003D5 /* AppDelegate.swift */,
				126302C024254EF9001003D5 /* Assets.xcassets */,
				126302C524254EF9001003D5 /* Main.storyboard */,
				126302C824254EF9001003D5 /* Info.plist */,
				126302C224254EF9001003D5 /* Preview Content */,
				126302CF24255153001003D5 /* MainViewController.swift */,
				126302D724255350001003D5 /* ColoredView.swift */,
				126302D924255365001003D5 /* Timer.swift */,
				126302DB2425538C001003D5 /* SettingsViewController.swift */,
				126302D1242552E1001003D5 /* Notification.swift */,
				126302D32425530A001003D5 /* Sound.swift */,
				126302D524255325001003D5 /* DataKeys.swift */,
				126302E12425551F001003D5 /* sounds */,
			);
			path = PomodoroApp;
			sourceTree = "<group>";
		};
		126302C224254EF9001003D5 /* Preview Content */ = {
			isa = PBXGroup;
			children = (
				126302C324254EF9001003D5 /* Preview Assets.xcassets */,
			);
			path = "Preview Content";
			sourceTree = "<group>";
		};
		126302E12425551F001003D5 /* sounds */ = {
			isa = PBXGroup;
			children = (
				126302DF24255517001003D5 /* ding.mp3 */,
			);
			path = sounds;
			sourceTree = "<group>";
		};
/* End PBXGroup section */

/* Begin PBXNativeTarget section */
		126302B524254EF8001003D5 /* PomodoroApp */ = {
			isa = PBXNativeTarget;
			buildConfigurationList = 126302CC24254EF9001003D5 /* Build configuration list for PBXNativeTarget "PomodoroApp" */;
			buildPhases = (
				126302B224254EF8001003D5 /* Sources */,
				126302B324254EF8001003D5 /* Frameworks */,
				126302B424254EF8001003D5 /* Resources */,
			);
			buildRules = (
			);
			dependencies = (
			);
			name = PomodoroApp;
			productName = PomodoroApp;
			productReference = 126302B624254EF8001003D5 /* PomodoroApp.app */;
			productType = "com.apple.product-type.application";
		};
/* End PBXNativeTarget section */

/* Begin PBXProject section */
		126302AE24254EF8001003D5 /* Project object */ = {
			isa = PBXProject;
			attributes = {
				LastSwiftUpdateCheck = 1130;
				LastUpgradeCheck = 1130;
				ORGANIZATIONNAME = "Vadim Yatsyuk";
				TargetAttributes = {
					126302B524254EF8001003D5 = {
						CreatedOnToolsVersion = 11.3.1;
					};
				};
			};
			buildConfigurationList = 126302B124254EF8001003D5 /* Build configuration list for PBXProject "PomodoroApp" */;
			compatibilityVersion = "Xcode 9.3";
			developmentRegion = en;
			hasScannedForEncodings = 0;
			knownRegions = (
				en,
				Base,
			);
			mainGroup = 126302AD24254EF8001003D5;
			productRefGroup = 126302B724254EF8001003D5 /* Products */;
			projectDirPath = "";
			projectRoot = "";
			targets = (
				126302B524254EF8001003D5 /* PomodoroApp */,
			);
		};
/* End PBXProject section */

/* Begin PBXResourcesBuildPhase section */
		126302B424254EF8001003D5 /* Resources */ = {
			isa = PBXResourcesBuildPhase;
			buildActionMask = 2147483647;
			files = (
				126302E024255517001003D5 /* ding.mp3 in Resources */,
				126302C724254EF9001003D5 /* Main.storyboard in Resources */,
				126302C424254EF9001003D5 /* Preview Assets.xcassets in Resources */,
				126302C124254EF9001003D5 /* Assets.xcassets in Resources */,
			);
			runOnlyForDeploymentPostprocessing = 0;
		};
/* End PBXResourcesBuildPhase section */

/* Begin PBXSourcesBuildPhase section */
		126302B224254EF8001003D5 /* Sources */ = {
			isa = PBXSourcesBuildPhase;
			buildActionMask = 2147483647;
			files = (
				126302D624255326001003D5 /* DataKeys.swift in Sources */,
				126302D42425530A001003D5 /* Sound.swift in Sources */,
				126302DC2425538C001003D5 /* SettingsViewController.swift in Sources */,
				126302D2242552E1001003D5 /* Notification.swift in Sources */,
				126302BA24254EF8001003D5 /* AppDelegate.swift in Sources */,
				126302DA24255365001003D5 /* Timer.swift in Sources */,
				126302D024255153001003D5 /* MainViewController.swift in Sources */,
				126302D824255350001003D5 /* ColoredView.swift in Sources */,
			);
			runOnlyForDeploymentPostprocessing = 0;
		};
/* End PBXSourcesBuildPhase section */

/* Begin PBXVariantGroup section */
		126302C524254EF9001003D5 /* Main.storyboard */ = {
			isa = PBXVariantGroup;
			children = (
				126302C624254EF9001003D5 /* Base */,
			);
			name = Main.storyboard;
			sourceTree = "<group>";
		};
/* End PBXVariantGroup section */

/* Begin XCBuildConfiguration section */
		126302CA24254EF9001003D5 /* Debug */ = {
			isa = XCBuildConfiguration;
			buildSettings = {
				ALWAYS_SEARCH_USER_PATHS = NO;
				CLANG_ANALYZER_NONNULL = YES;
				CLANG_ANALYZER_NUMBER_OBJECT_CONVERSION = YES_AGGRESSIVE;
				CLANG_CXX_LANGUAGE_STANDARD = "gnu++14";
				CLANG_CXX_LIBRARY = "libc++";
				CLANG_ENABLE_MODULES = YES;
				CLANG_ENABLE_OBJC_ARC = YES;
				CLANG_ENABLE_OBJC_WEAK = YES;
				CLANG_WARN_BLOCK_CAPTURE_AUTORELEASING = YES;
				CLANG_WARN_BOOL_CONVERSION = YES;
				CLANG_WARN_COMMA = YES;
				CLANG_WARN_CONSTANT_CONVERSION = YES;
				CLANG_WARN_DEPRECATED_OBJC_IMPLEMENTATIONS = YES;
				CLANG_WARN_DIRECT_OBJC_ISA_USAGE = YES_ERROR;
				CLANG_WARN_DOCUMENTATION_COMMENTS = YES;
				CLANG_WARN_EMPTY_BODY = YES;
				CLANG_WARN_ENUM_CONVERSION = YES;
				CLANG_WARN_INFINITE_RECURSION = YES;
				CLANG_WARN_INT_CONVERSION = YES;
				CLANG_WARN_NON_LITERAL_NULL_CONVERSION = YES;
				CLANG_WARN_OBJC_IMPLICIT_RETAIN_SELF = YES;
				CLANG_WARN_OBJC_LITERAL_CONVERSION = YES;
				CLANG_WARN_OBJC_ROOT_CLASS = YES_ERROR;
				CLANG_WARN_RANGE_LOOP_ANALYSIS = YES;
				CLANG_WARN_STRICT_PROTOTYPES = YES;
				CLANG_WARN_SUSPICIOUS_MOVE = YES;
				CLANG_WARN_UNGUARDED_AVAILABILITY = YES_AGGRESSIVE;
				CLANG_WARN_UNREACHABLE_CODE = YES;
				CLANG_WARN__DUPLICATE_METHOD_MATCH = YES;
				COPY_PHASE_STRIP = NO;
				DEBUG_INFORMATION_FORMAT = dwarf;
				ENABLE_STRICT_OBJC_MSGSEND = YES;
				ENABLE_TESTABILITY = YES;
				GCC_C_LANGUAGE_STANDARD = gnu11;
				GCC_DYNAMIC_NO_PIC = NO;
				GCC_NO_COMMON_BLOCKS = YES;
				GCC_OPTIMIZATION_LEVEL = 0;
				GCC_PREPROCESSOR_DEFINITIONS = (
					"DEBUG=1",
					"$(inherited)",
				);
				GCC_WARN_64_TO_32_BIT_CONVERSION = YES;
				GCC_WARN_ABOUT_RETURN_TYPE = YES_ERROR;
				GCC_WARN_UNDECLARED_SELECTOR = YES;
				GCC_WARN_UNINITIALIZED_AUTOS = YES_AGGRESSIVE;
				GCC_WARN_UNUSED_FUNCTION = YES;
				GCC_WARN_UNUSED_VARIABLE = YES;
				MACOSX_DEPLOYMENT_TARGET = 10.15;
				MTL_ENABLE_DEBUG_INFO = INCLUDE_SOURCE;
				MTL_FAST_MATH = YES;
				ONLY_ACTIVE_ARCH = YES;
				SDKROOT = macosx;
				SWIFT_ACTIVE_COMPILATION_CONDITIONS = DEBUG;
				SWIFT_OPTIMIZATION_LEVEL = "-Onone";
			};
			name = Debug;
		};
		126302CB24254EF9001003D5 /* Release */ = {
			isa = XCBuildConfiguration;
			buildSettings = {
				ALWAYS_SEARCH_USER_PATHS = NO;
				CLANG_ANALYZER_NONNULL = YES;
				CLANG_ANALYZER_NUMBER_OBJECT_CONVERSION = YES_AGGRESSIVE;
				CLANG_CXX_LANGUAGE_STANDARD = "gnu++14";
				CLANG_CXX_LIBRARY = "libc++";
				CLANG_ENABLE_MODULES = YES;
				CLANG_ENABLE_OBJC_ARC = YES;
				CLANG_ENABLE_OBJC_WEAK = YES;
				CLANG_WARN_BLOCK_CAPTURE_AUTORELEASING = YES;
				CLANG_WARN_BOOL_CONVERSION = YES;
				CLANG_WARN_COMMA = YES;
				CLANG_WARN_CONSTANT_CONVERSION = YES;
				CLANG_WARN_DEPRECATED_OBJC_IMPLEMENTATIONS = YES;
				CLANG_WARN_DIRECT_OBJC_ISA_USAGE = YES_ERROR;
				CLANG_WARN_DOCUMENTATION_COMMENTS = YES;
				CLANG_WARN_EMPTY_BODY = YES;
				CLANG_WARN_ENUM_CONVERSION = YES;
				CLANG_WARN_INFINITE_RECURSION = YES;
				CLANG_WARN_INT_CONVERSION = YES;
				CLANG_WARN_NON_LITERAL_NULL_CONVERSION = YES;
				CLANG_WARN_OBJC_IMPLICIT_RETAIN_SELF = YES;
				CLANG_WARN_OBJC_LITERAL_CONVERSION = YES;
				CLANG_WARN_OBJC_ROOT_CLASS = YES_ERROR;
				CLANG_WARN_RANGE_LOOP_ANALYSIS = YES;
				CLANG_WARN_STRICT_PROTOTYPES = YES;
				CLANG_WARN_SUSPICIOUS_MOVE = YES;
				CLANG_WARN_UNGUARDED_AVAILABILITY = YES_AGGRESSIVE;
				CLANG_WARN_UNREACHABLE_CODE = YES;
				CLANG_WARN__DUPLICATE_METHOD_MATCH = YES;
				COPY_PHASE_STRIP = NO;
				DEBUG_INFORMATION_FORMAT = "dwarf-with-dsym";
				ENABLE_NS_ASSERTIONS = NO;
				ENABLE_STRICT_OBJC_MSGSEND = YES;
				GCC_C_LANGUAGE_STANDARD = gnu11;
				GCC_NO_COMMON_BLOCKS = YES;
				GCC_WARN_64_TO_32_BIT_CONVERSION = YES;
				GCC_WARN_ABOUT_RETURN_TYPE = YES_ERROR;
				GCC_WARN_UNDECLARED_SELECTOR = YES;
				GCC_WARN_UNINITIALIZED_AUTOS = YES_AGGRESSIVE;
				GCC_WARN_UNUSED_FUNCTION = YES;
				GCC_WARN_UNUSED_VARIABLE = YES;
				MACOSX_DEPLOYMENT_TARGET = 10.15;
				MTL_ENABLE_DEBUG_INFO = NO;
				MTL_FAST_MATH = YES;
				SDKROOT = macosx;
				SWIFT_COMPILATION_MODE = wholemodule;
				SWIFT_OPTIMIZATION_LEVEL = "-O";
			};
			name = Release;
		};
		126302CD24254EF9001003D5 /* Debug */ = {
			isa = XCBuildConfiguration;
			buildSettings = {
				ASSETCATALOG_COMPILER_APPICON_NAME = AppIcon;
				CODE_SIGN_ENTITLEMENTS = PomodoroApp/PomodoroApp.entitlements;
				CODE_SIGN_STYLE = Automatic;
				COMBINE_HIDPI_IMAGES = YES;
				DEVELOPMENT_ASSET_PATHS = "\"PomodoroApp/Preview Content\"";
				ENABLE_PREVIEWS = YES;
				INFOPLIST_FILE = PomodoroApp/Info.plist;
				LD_RUNPATH_SEARCH_PATHS = (
					"$(inherited)",
					"@executable_path/../Frameworks",
				);
				MACOSX_DEPLOYMENT_TARGET = 10.15;
				MARKETING_VERSION = 0.2;
				PRODUCT_BUNDLE_IDENTIFIER = vadimdez.PomodoroApp;
				PRODUCT_NAME = "$(TARGET_NAME)";
				SWIFT_VERSION = 5.0;
			};
			name = Debug;
		};
		126302CE24254EF9001003D5 /* Release */ = {
			isa = XCBuildConfiguration;
			buildSettings = {
				ASSETCATALOG_COMPILER_APPICON_NAME = AppIcon;
				CODE_SIGN_ENTITLEMENTS = PomodoroApp/PomodoroApp.entitlements;
				CODE_SIGN_STYLE = Automatic;
				COMBINE_HIDPI_IMAGES = YES;
				DEVELOPMENT_ASSET_PATHS = "\"PomodoroApp/Preview Content\"";
				ENABLE_PREVIEWS = YES;
				INFOPLIST_FILE = PomodoroApp/Info.plist;
				LD_RUNPATH_SEARCH_PATHS = (
					"$(inherited)",
					"@executable_path/../Frameworks",
				);
				MACOSX_DEPLOYMENT_TARGET = 10.15;
				MARKETING_VERSION = 0.2;
				PRODUCT_BUNDLE_IDENTIFIER = vadimdez.PomodoroApp;
				PRODUCT_NAME = "$(TARGET_NAME)";
				SWIFT_VERSION = 5.0;
			};
			name = Release;
		};
/* End XCBuildConfiguration section */

/* Begin XCConfigurationList section */
		126302B124254EF8001003D5 /* Build configuration list for PBXProject "PomodoroApp" */ = {
			isa = XCConfigurationList;
			buildConfigurations = (
				126302CA24254EF9001003D5 /* Debug */,
				126302CB24254EF9001003D5 /* Release */,
			);
			defaultConfigurationIsVisible = 0;
			defaultConfigurationName = Release;
		};
		126302CC24254EF9001003D5 /* Build configuration list for PBXNativeTarget "PomodoroApp" */ = {
			isa = XCConfigurationList;
			buildConfigurations = (
				126302CD24254EF9001003D5 /* Debug */,
				126302CE24254EF9001003D5 /* Release */,
			);
			defaultConfigurationIsVisible = 0;
			defaultConfigurationName = Release;
		};
/* End XCConfigurationList section */
	};
	rootObject = 126302AE24254EF8001003D5 /* Project object */;
}
